
Microsoft Visual Studio Solution File, Format Version 12.00
# Visual Studio Version 17
VisualStudioVersion = 17.6.33723.286
MinimumVisualStudioVersion = 10.0.40219.1
Project("{FAE04EC0-301F-11D3-BF4B-00C04F79EFBC}") = "CRUD", "CRUD\CRUD.csproj", "{29DBA181-0004-4615-AB2E-84E8BBEC41C2}"
EndProject
Global
	GlobalSection(SolutionConfigurationPlatforms) = preSolution
		Debug|Any CPU = Debug|Any CPU
		Release|Any CPU = Release|Any CPU
	EndGlobalSection
	GlobalSection(ProjectConfigurationPlatforms) = postSolution
		{29DBA181-0004-4615-AB2E-84E8BBEC41C2}.Debug|Any CPU.ActiveCfg = Debug|Any CPU
		{29DBA181-0004-4615-AB2E-84E8BBEC41C2}.Debug|Any CPU.Build.0 = Debug|Any CPU
		{29DBA181-0004-4615-AB2E-84E8BBEC41C2}.Release|Any CPU.ActiveCfg = Release|Any CPU
		{29DBA181-0004-4615-AB2E-84E8BBEC41C2}.Release|Any CPU.Build.0 = Release|Any CPU
	EndGlobalSection
	GlobalSection(SolutionProperties) = preSolution
		HideSolutionNode = FALSE
	EndGlobalSection
	GlobalSection(ExtensibilityGlobals) = postSolution
		SolutionGuid = {B5E2E0C6-CF2E-408B-AF95-A50783684947}
	EndGlobalSection
EndGlobal
